
Microsoft Visual Studio Solution File, Format Version 12.00
# Visual Studio Version 16
VisualStudioVersion = 16.0.30114.105
MinimumVisualStudioVersion = 10.0.40219.1
Project("{FAE04EC0-301F-11D3-BF4B-00C04F79EFBC}") = "MyMusic.Api", "MyMusic.Api\MyMusic.Api.csproj", "{7E0E8E24-9BB3-42DA-B273-733A6EAF0FFD}"
EndProject
Project("{FAE04EC0-301F-11D3-BF4B-00C04F79EFBC}") = "MyMusic.Core", "MyMusic.Core\MyMusic.Core.csproj", "{E8AC8C73-299F-4793-9029-EA37E1EA577F}"
EndProject
Project("{FAE04EC0-301F-11D3-BF4B-00C04F79EFBC}") = "MyMusic.Data", "MyMusic.Data\MyMusic.Data.csproj", "{15C5D22B-365A-4E4F-9A10-281D099A6FD4}"
EndProject
Project("{FAE04EC0-301F-11D3-BF4B-00C04F79EFBC}") = "MyMusic.Services", "MyMusic.Services\MyMusic.Services.csproj", "{A15A40D3-2904-4403-821C-9C2F8D4CD206}"
EndProject
Global
	GlobalSection(SolutionConfigurationPlatforms) = preSolution
		Debug|Any CPU = Debug|Any CPU
		Debug|x64 = Debug|x64
		Debug|x86 = Debug|x86
		Release|Any CPU = Release|Any CPU
		Release|x64 = Release|x64
		Release|x86 = Release|x86
	EndGlobalSection
	GlobalSection(SolutionProperties) = preSolution
		HideSolutionNode = FALSE
	EndGlobalSection
	GlobalSection(ProjectConfigurationPlatforms) = postSolution
		{7E0E8E24-9BB3-42DA-B273-733A6EAF0FFD}.Debug|Any CPU.ActiveCfg = Debug|Any CPU
		{7E0E8E24-9BB3-42DA-B273-733A6EAF0FFD}.Debug|Any CPU.Build.0 = Debug|Any CPU
		{7E0E8E24-9BB3-42DA-B273-733A6EAF0FFD}.Debug|x64.ActiveCfg = Debug|Any CPU
		{7E0E8E24-9BB3-42DA-B273-733A6EAF0FFD}.Debug|x64.Build.0 = Debug|Any CPU
		{7E0E8E24-9BB3-42DA-B273-733A6EAF0FFD}.Debug|x86.ActiveCfg = Debug|Any CPU
		{7E0E8E24-9BB3-42DA-B273-733A6EAF0FFD}.Debug|x86.Build.0 = Debug|Any CPU
		{7E0E8E24-9BB3-42DA-B273-733A6EAF0FFD}.Release|Any CPU.ActiveCfg = Release|Any CPU
		{7E0E8E24-9BB3-42DA-B273-733A6EAF0FFD}.Release|Any CPU.Build.0 = Release|Any CPU
		{7E0E8E24-9BB3-42DA-B273-733A6EAF0FFD}.Release|x64.ActiveCfg = Release|Any CPU
		{7E0E8E24-9BB3-42DA-B273-733A6EAF0FFD}.Release|x64.Build.0 = Release|Any CPU
		{7E0E8E24-9BB3-42DA-B273-733A6EAF0FFD}.Release|x86.ActiveCfg = Release|Any CPU
		{7E0E8E24-9BB3-42DA-B273-733A6EAF0FFD}.Release|x86.Build.0 = Release|Any CPU
		{E8AC8C73-299F-4793-9029-EA37E1EA577F}.Debug|Any CPU.ActiveCfg = Debug|Any CPU
		{E8AC8C73-299F-4793-9029-EA37E1EA577F}.Debug|Any CPU.Build.0 = Debug|Any CPU
		{E8AC8C73-299F-4793-9029-EA37E1EA577F}.Debug|x64.ActiveCfg = Debug|Any CPU
		{E8AC8C73-299F-4793-9029-EA37E1EA577F}.Debug|x64.Build.0 = Debug|Any CPU
		{E8AC8C73-299F-4793-9029-EA37E1EA577F}.Debug|x86.ActiveCfg = Debug|Any CPU
		{E8AC8C73-299F-4793-9029-EA37E1EA577F}.Debug|x86.Build.0 = Debug|Any CPU
		{E8AC8C73-299F-4793-9029-EA37E1EA577F}.Release|Any CPU.ActiveCfg = Release|Any CPU
		{E8AC8C73-299F-4793-9029-EA37E1EA577F}.Release|Any CPU.Build.0 = Release|Any CPU
		{E8AC8C73-299F-4793-9029-EA37E1EA577F}.Release|x64.ActiveCfg = Release|Any CPU
		{E8AC8C73-299F-4793-9029-EA37E1EA577F}.Release|x64.Build.0 = Release|Any CPU
		{E8AC8C73-299F-4793-9029-EA37E1EA577F}.Release|x86.ActiveCfg = Release|Any CPU
		{E8AC8C73-299F-4793-9029-EA37E1EA577F}.Release|x86.Build.0 = Release|Any CPU
		{15C5D22B-365A-4E4F-9A10-281D099A6FD4}.Debug|Any CPU.ActiveCfg = Debug|Any CPU
		{15C5D22B-365A-4E4F-9A10-281D099A6FD4}.Debug|Any CPU.Build.0 = Debug|Any CPU
		{15C5D22B-365A-4E4F-9A10-281D099A6FD4}.Debug|x64.ActiveCfg = Debug|Any CPU
		{15C5D22B-365A-4E4F-9A10-281D099A6FD4}.Debug|x64.Build.0 = Debug|Any CPU
		{15C5D22B-365A-4E4F-9A10-281D099A6FD4}.Debug|x86.ActiveCfg = Debug|Any CPU
		{15C5D22B-365A-4E4F-9A10-281D099A6FD4}.Debug|x86.Build.0 = Debug|Any CPU
		{15C5D22B-365A-4E4F-9A10-281D099A6FD4}.Release|Any CPU.ActiveCfg = Release|Any CPU
		{15C5D22B-365A-4E4F-9A10-281D099A6FD4}.Release|Any CPU.Build.0 = Release|Any CPU
		{15C5D22B-365A-4E4F-9A10-281D099A6FD4}.Release|x64.ActiveCfg = Release|Any CPU
		{15C5D22B-365A-4E4F-9A10-281D099A6FD4}.Release|x64.Build.0 = Release|Any CPU
		{15C5D22B-365A-4E4F-9A10-281D099A6FD4}.Release|x86.ActiveCfg = Release|Any CPU
		{15C5D22B-365A-4E4F-9A10-281D099A6FD4}.Release|x86.Build.0 = Release|Any CPU
		{A15A40D3-2904-4403-821C-9C2F8D4CD206}.Debug|Any CPU.ActiveCfg = Debug|Any CPU
		{A15A40D3-2904-4403-821C-9C2F8D4CD206}.Debug|Any CPU.Build.0 = Debug|Any CPU
		{A15A40D3-2904-4403-821C-9C2F8D4CD206}.Debug|x64.ActiveCfg = Debug|Any CPU
		{A15A40D3-2904-4403-821C-9C2F8D4CD206}.Debug|x64.Build.0 = Debug|Any CPU
		{A15A40D3-2904-4403-821C-9C2F8D4CD206}.Debug|x86.ActiveCfg = Debug|Any CPU
		{A15A40D3-2904-4403-821C-9C2F8D4CD206}.Debug|x86.Build.0 = Debug|Any CPU
		{A15A40D3-2904-4403-821C-9C2F8D4CD206}.Release|Any CPU.ActiveCfg = Release|Any CPU
		{A15A40D3-2904-4403-821C-9C2F8D4CD206}.Release|Any CPU.Build.0 = Release|Any CPU
		{A15A40D3-2904-4403-821C-9C2F8D4CD206}.Release|x64.ActiveCfg = Release|Any CPU
		{A15A40D3-2904-4403-821C-9C2F8D4CD206}.Release|x64.Build.0 = Release|Any CPU
		{A15A40D3-2904-4403-821C-9C2F8D4CD206}.Release|x86.ActiveCfg = Release|Any CPU
		{A15A40D3-2904-4403-821C-9C2F8D4CD206}.Release|x86.Build.0 = Release|Any CPU
	EndGlobalSection
EndGlobal
